// !$*UTF8*$!
{
	archiveVersion = 1;
	classes = {
	};
	objectVersion = 56;
	objects = {

/* Begin PBXBuildFile section */
		B5979217293A6E6F0005B6ED /* AudioKitBackgroundAudioPlayBackBugApp.swift in Sources */ = {isa = PBXBuildFile; fileRef = B5979216293A6E6F0005B6ED /* AudioKitBackgroundAudioPlayBackBugApp.swift */; };
		B5979219293A6E6F0005B6ED /* ContentView.swift in Sources */ = {isa = PBXBuildFile; fileRef = B5979218293A6E6F0005B6ED /* ContentView.swift */; };
		B597921B293A6E700005B6ED /* Assets.xcassets in Resources */ = {isa = PBXBuildFile; fileRef = B597921A293A6E700005B6ED /* Assets.xcassets */; };
		B597921E293A6E700005B6ED /* Preview Assets.xcassets in Resources */ = {isa = PBXBuildFile; fileRef = B597921D293A6E700005B6ED /* Preview Assets.xcassets */; };
		B5979225293A6E840005B6ED /* Conductor.swift in Sources */ = {isa = PBXBuildFile; fileRef = B5979224293A6E840005B6ED /* Conductor.swift */; };
		B5979228293A6EE50005B6ED /* AudioKit in Frameworks */ = {isa = PBXBuildFile; productRef = B5979227293A6EE50005B6ED /* AudioKit */; };
		B597922B293A6F060005B6ED /* AudioKitUI in Frameworks */ = {isa = PBXBuildFile; productRef = B597922A293A6F060005B6ED /* AudioKitUI */; };
		B597922E293A6F2B0005B6ED /* SoundpipeAudioKit in Frameworks */ = {isa = PBXBuildFile; productRef = B597922D293A6F2B0005B6ED /* SoundpipeAudioKit */; };
		B5979230293A6F600005B6ED /* CookbookKnob.swift in Sources */ = {isa = PBXBuildFile; fileRef = B597922F293A6F600005B6ED /* CookbookKnob.swift */; };
		B5979237293A6FFD0005B6ED /* MIDI Files in Resources */ = {isa = PBXBuildFile; fileRef = B5979236293A6FFD0005B6ED /* MIDI Files */; };
/* End PBXBuildFile section */

/* Begin PBXFileReference section */
		B5979213293A6E6F0005B6ED /* AudioKitBackgroundAudioPlayBackBug.app */ = {isa = PBXFileReference; explicitFileType = wrapper.application; includeInIndex = 0; path = AudioKitBackgroundAudioPlayBackBug.app; sourceTree = BUILT_PRODUCTS_DIR; };
		B5979216293A6E6F0005B6ED /* AudioKitBackgroundAudioPlayBackBugApp.swift */ = {isa = PBXFileReference; lastKnownFileType = sourcecode.swift; path = AudioKitBackgroundAudioPlayBackBugApp.swift; sourceTree = "<group>"; };
		B5979218293A6E6F0005B6ED /* ContentView.swift */ = {isa = PBXFileReference; lastKnownFileType = sourcecode.swift; path = ContentView.swift; sourceTree = "<group>"; };
		B597921A293A6E700005B6ED /* Assets.xcassets */ = {isa = PBXFileReference; lastKnownFileType = folder.assetcatalog; path = Assets.xcassets; sourceTree = "<group>"; };
		B597921D293A6E700005B6ED /* Preview Assets.xcassets */ = {isa = PBXFileReference; lastKnownFileType = folder.assetcatalog; path = "Preview Assets.xcassets"; sourceTree = "<group>"; };
		B5979224293A6E840005B6ED /* Conductor.swift */ = {isa = PBXFileReference; lastKnownFileType = sourcecode.swift; path = Conductor.swift; sourceTree = "<group>"; };
		B597922F293A6F600005B6ED /* CookbookKnob.swift */ = {isa = PBXFileReference; lastKnownFileType = sourcecode.swift; path = CookbookKnob.swift; sourceTree = "<group>"; };
		B5979236293A6FFD0005B6ED /* MIDI Files */ = {isa = PBXFileReference; lastKnownFileType = folder; name = "MIDI Files"; path = "../../Cookbook/Cookbook/CookbookCommon/Sources/CookbookCommon/MIDI Files"; sourceTree = "<group>"; };
		B5979238293A70700005B6ED /* Info.plist */ = {isa = PBXFileReference; lastKnownFileType = text.plist; path = Info.plist; sourceTree = "<group>"; };
/* End PBXFileReference section */

/* Begin PBXFrameworksBuildPhase section */
		B5979210293A6E6F0005B6ED /* Frameworks */ = {
			isa = PBXFrameworksBuildPhase;
			buildActionMask = 2147483647;
			files = (
				B597922B293A6F060005B6ED /* AudioKitUI in Frameworks */,
				B5979228293A6EE50005B6ED /* AudioKit in Frameworks */,
				B597922E293A6F2B0005B6ED /* SoundpipeAudioKit in Frameworks */,
			);
			runOnlyForDeploymentPostprocessing = 0;
		};
/* End PBXFrameworksBuildPhase section */

/* Begin PBXGroup section */
		B597920A293A6E6F0005B6ED = {
			isa = PBXGroup;
			children = (
				B5979215293A6E6F0005B6ED /* AudioKitBackgroundAudioPlayBackBug */,
				B5979214293A6E6F0005B6ED /* Products */,
			);
			sourceTree = "<group>";
		};
		B5979214293A6E6F0005B6ED /* Products */ = {
			isa = PBXGroup;
			children = (
				B5979213293A6E6F0005B6ED /* AudioKitBackgroundAudioPlayBackBug.app */,
			);
			name = Products;
			sourceTree = "<group>";
		};
		B5979215293A6E6F0005B6ED /* AudioKitBackgroundAudioPlayBackBug */ = {
			isa = PBXGroup;
			children = (
				B5979238293A70700005B6ED /* Info.plist */,
				B5979236293A6FFD0005B6ED /* MIDI Files */,
				B5979216293A6E6F0005B6ED /* AudioKitBackgroundAudioPlayBackBugApp.swift */,
				B5979218293A6E6F0005B6ED /* ContentView.swift */,
				B597921A293A6E700005B6ED /* Assets.xcassets */,
				B597921C293A6E700005B6ED /* Preview Content */,
				B5979224293A6E840005B6ED /* Conductor.swift */,
				B597922F293A6F600005B6ED /* CookbookKnob.swift */,
			);
			path = AudioKitBackgroundAudioPlayBackBug;
			sourceTree = "<group>";
		};
		B597921C293A6E700005B6ED /* Preview Content */ = {
			isa = PBXGroup;
			children = (
				B597921D293A6E700005B6ED /* Preview Assets.xcassets */,
			);
			path = "Preview Content";
			sourceTree = "<group>";
		};
/* End PBXGroup section */

/* Begin PBXNativeTarget section */
		B5979212293A6E6F0005B6ED /* AudioKitBackgroundAudioPlayBackBug */ = {
			isa = PBXNativeTarget;
			buildConfigurationList = B5979221293A6E700005B6ED /* Build configuration list for PBXNativeTarget "AudioKitBackgroundAudioPlayBackBug" */;
			buildPhases = (
				B597920F293A6E6F0005B6ED /* Sources */,
				B5979210293A6E6F0005B6ED /* Frameworks */,
				B5979211293A6E6F0005B6ED /* Resources */,
			);
			buildRules = (
			);
			dependencies = (
			);
			name = AudioKitBackgroundAudioPlayBackBug;
			packageProductDependencies = (
				B5979227293A6EE50005B6ED /* AudioKit */,
				B597922A293A6F060005B6ED /* AudioKitUI */,
				B597922D293A6F2B0005B6ED /* SoundpipeAudioKit */,
			);
			productName = AudioKitBackgroundAudioPlayBackBug;
			productReference = B5979213293A6E6F0005B6ED /* AudioKitBackgroundAudioPlayBackBug.app */;
			productType = "com.apple.product-type.application";
		};
/* End PBXNativeTarget section */

/* Begin PBXProject section */
		B597920B293A6E6F0005B6ED /* Project object */ = {
			isa = PBXProject;
			attributes = {
				BuildIndependentTargetsInParallel = 1;
				LastSwiftUpdateCheck = 1410;
				LastUpgradeCheck = 1410;
				TargetAttributes = {
					B5979212293A6E6F0005B6ED = {
						CreatedOnToolsVersion = 14.1;
					};
				};
			};
			buildConfigurationList = B597920E293A6E6F0005B6ED /* Build configuration list for PBXProject "AudioKitBackgroundAudioPlayBackBug" */;
			compatibilityVersion = "Xcode 14.0";
			developmentRegion = en;
			hasScannedForEncodings = 0;
			knownRegions = (
				en,
				Base,
			);
			mainGroup = B597920A293A6E6F0005B6ED;
			packageReferences = (
				B5979226293A6EE50005B6ED /* XCRemoteSwiftPackageReference "AudioKit" */,
				B5979229293A6F060005B6ED /* XCRemoteSwiftPackageReference "AudioKitUI" */,
				B597922C293A6F2B0005B6ED /* XCRemoteSwiftPackageReference "SoundpipeAudioKit" */,
			);
			productRefGroup = B5979214293A6E6F0005B6ED /* Products */;
			projectDirPath = "";
			projectRoot = "";
			targets = (
				B5979212293A6E6F0005B6ED /* AudioKitBackgroundAudioPlayBackBug */,
			);
		};
/* End PBXProject section */

/* Begin PBXResourcesBuildPhase section */
		B5979211293A6E6F0005B6ED /* Resources */ = {
			isa = PBXResourcesBuildPhase;
			buildActionMask = 2147483647;
			files = (
				B597921E293A6E700005B6ED /* Preview Assets.xcassets in Resources */,
				B5979237293A6FFD0005B6ED /* MIDI Files in Resources */,
				B597921B293A6E700005B6ED /* Assets.xcassets in Resources */,
			);
			runOnlyForDeploymentPostprocessing = 0;
		};
/* End PBXResourcesBuildPhase section */

/* Begin PBXSourcesBuildPhase section */
		B597920F293A6E6F0005B6ED /* Sources */ = {
			isa = PBXSourcesBuildPhase;
			buildActionMask = 2147483647;
			files = (
				B5979219293A6E6F0005B6ED /* ContentView.swift in Sources */,
				B5979225293A6E840005B6ED /* Conductor.swift in Sources */,
				B5979230293A6F600005B6ED /* CookbookKnob.swift in Sources */,
				B5979217293A6E6F0005B6ED /* AudioKitBackgroundAudioPlayBackBugApp.swift in Sources */,
			);
			runOnlyForDeploymentPostprocessing = 0;
		};
/* End PBXSourcesBuildPhase section */

/* Begin XCBuildConfiguration section */
		B597921F293A6E700005B6ED /* Debug */ = {
			isa = XCBuildConfiguration;
			buildSettings = {
				ALWAYS_SEARCH_USER_PATHS = NO;
				CLANG_ANALYZER_NONNULL = YES;
				CLANG_ANALYZER_NUMBER_OBJECT_CONVERSION = YES_AGGRESSIVE;
				CLANG_CXX_LANGUAGE_STANDARD = "gnu++20";
				CLANG_ENABLE_MODULES = YES;
				CLANG_ENABLE_OBJC_ARC = YES;
				CLANG_ENABLE_OBJC_WEAK = YES;
				CLANG_WARN_BLOCK_CAPTURE_AUTORELEASING = YES;
				CLANG_WARN_BOOL_CONVERSION = YES;
				CLANG_WARN_COMMA = YES;
				CLANG_WARN_CONSTANT_CONVERSION = YES;
				CLANG_WARN_DEPRECATED_OBJC_IMPLEMENTATIONS = YES;
				CLANG_WARN_DIRECT_OBJC_ISA_USAGE = YES_ERROR;
				CLANG_WARN_DOCUMENTATION_COMMENTS = YES;
				CLANG_WARN_EMPTY_BODY = YES;
				CLANG_WARN_ENUM_CONVERSION = YES;
				CLANG_WARN_INFINITE_RECURSION = YES;
				CLANG_WARN_INT_CONVERSION = YES;
				CLANG_WARN_NON_LITERAL_NULL_CONVERSION = YES;
				CLANG_WARN_OBJC_IMPLICIT_RETAIN_SELF = YES;
				CLANG_WARN_OBJC_LITERAL_CONVERSION = YES;
				CLANG_WARN_OBJC_ROOT_CLASS = YES_ERROR;
				CLANG_WARN_QUOTED_INCLUDE_IN_FRAMEWORK_HEADER = YES;
				CLANG_WARN_RANGE_LOOP_ANALYSIS = YES;
				CLANG_WARN_STRICT_PROTOTYPES = YES;
				CLANG_WARN_SUSPICIOUS_MOVE = YES;
				CLANG_WARN_UNGUARDED_AVAILABILITY = YES_AGGRESSIVE;
				CLANG_WARN_UNREACHABLE_CODE = YES;
				CLANG_WARN__DUPLICATE_METHOD_MATCH = YES;
				COPY_PHASE_STRIP = NO;
				DEBUG_INFORMATION_FORMAT = dwarf;
				ENABLE_STRICT_OBJC_MSGSEND = YES;
				ENABLE_TESTABILITY = YES;
				GCC_C_LANGUAGE_STANDARD = gnu11;
				GCC_DYNAMIC_NO_PIC = NO;
				GCC_NO_COMMON_BLOCKS = YES;
				GCC_OPTIMIZATION_LEVEL = 0;
				GCC_PREPROCESSOR_DEFINITIONS = (
					"DEBUG=1",
					"$(inherited)",
				);
				GCC_WARN_64_TO_32_BIT_CONVERSION = YES;
				GCC_WARN_ABOUT_RETURN_TYPE = YES_ERROR;
				GCC_WARN_UNDECLARED_SELECTOR = YES;
				GCC_WARN_UNINITIALIZED_AUTOS = YES_AGGRESSIVE;
				GCC_WARN_UNUSED_FUNCTION = YES;
				GCC_WARN_UNUSED_VARIABLE = YES;
				IPHONEOS_DEPLOYMENT_TARGET = 16.1;
				MTL_ENABLE_DEBUG_INFO = INCLUDE_SOURCE;
				MTL_FAST_MATH = YES;
				ONLY_ACTIVE_ARCH = YES;
				SDKROOT = iphoneos;
				SWIFT_ACTIVE_COMPILATION_CONDITIONS = DEBUG;
				SWIFT_OPTIMIZATION_LEVEL = "-Onone";
			};
			name = Debug;
		};
		B5979220293A6E700005B6ED /* Release */ = {
			isa = XCBuildConfiguration;
			buildSettings = {
				ALWAYS_SEARCH_USER_PATHS = NO;
				CLANG_ANALYZER_NONNULL = YES;
				CLANG_ANALYZER_NUMBER_OBJECT_CONVERSION = YES_AGGRESSIVE;
				CLANG_CXX_LANGUAGE_STANDARD = "gnu++20";
				CLANG_ENABLE_MODULES = YES;
				CLANG_ENABLE_OBJC_ARC = YES;
				CLANG_ENABLE_OBJC_WEAK = YES;
				CLANG_WARN_BLOCK_CAPTURE_AUTORELEASING = YES;
				CLANG_WARN_BOOL_CONVERSION = YES;
				CLANG_WARN_COMMA = YES;
				CLANG_WARN_CONSTANT_CONVERSION = YES;
				CLANG_WARN_DEPRECATED_OBJC_IMPLEMENTATIONS = YES;
				CLANG_WARN_DIRECT_OBJC_ISA_USAGE = YES_ERROR;
				CLANG_WARN_DOCUMENTATION_COMMENTS = YES;
				CLANG_WARN_EMPTY_BODY = YES;
				CLANG_WARN_ENUM_CONVERSION = YES;
				CLANG_WARN_INFINITE_RECURSION = YES;
				CLANG_WARN_INT_CONVERSION = YES;
				CLANG_WARN_NON_LITERAL_NULL_CONVERSION = YES;
				CLANG_WARN_OBJC_IMPLICIT_RETAIN_SELF = YES;
				CLANG_WARN_OBJC_LITERAL_CONVERSION = YES;
				CLANG_WARN_OBJC_ROOT_CLASS = YES_ERROR;
				CLANG_WARN_QUOTED_INCLUDE_IN_FRAMEWORK_HEADER = YES;
				CLANG_WARN_RANGE_LOOP_ANALYSIS = YES;
				CLANG_WARN_STRICT_PROTOTYPES = YES;
				CLANG_WARN_SUSPICIOUS_MOVE = YES;
				CLANG_WARN_UNGUARDED_AVAILABILITY = YES_AGGRESSIVE;
				CLANG_WARN_UNREACHABLE_CODE = YES;
				CLANG_WARN__DUPLICATE_METHOD_MATCH = YES;
				COPY_PHASE_STRIP = NO;
				DEBUG_INFORMATION_FORMAT = "dwarf-with-dsym";
				ENABLE_NS_ASSERTIONS = NO;
				ENABLE_STRICT_OBJC_MSGSEND = YES;
				GCC_C_LANGUAGE_STANDARD = gnu11;
				GCC_NO_COMMON_BLOCKS = YES;
				GCC_WARN_64_TO_32_BIT_CONVERSION = YES;
				GCC_WARN_ABOUT_RETURN_TYPE = YES_ERROR;
				GCC_WARN_UNDECLARED_SELECTOR = YES;
				GCC_WARN_UNINITIALIZED_AUTOS = YES_AGGRESSIVE;
				GCC_WARN_UNUSED_FUNCTION = YES;
				GCC_WARN_UNUSED_VARIABLE = YES;
				IPHONEOS_DEPLOYMENT_TARGET = 16.1;
				MTL_ENABLE_DEBUG_INFO = NO;
				MTL_FAST_MATH = YES;
				SDKROOT = iphoneos;
				SWIFT_COMPILATION_MODE = wholemodule;
				SWIFT_OPTIMIZATION_LEVEL = "-O";
				VALIDATE_PRODUCT = YES;
			};
			name = Release;
		};
		B5979222293A6E700005B6ED /* Debug */ = {
			isa = XCBuildConfiguration;
			buildSettings = {
				ASSETCATALOG_COMPILER_APPICON_NAME = AppIcon;
				ASSETCATALOG_COMPILER_GLOBAL_ACCENT_COLOR_NAME = AccentColor;
				CODE_SIGN_STYLE = Automatic;
				CURRENT_PROJECT_VERSION = 1;
				DEVELOPMENT_ASSET_PATHS = "\"AudioKitBackgroundAudioPlayBackBug/Preview Content\"";
				DEVELOPMENT_TEAM = U9YF7XX37Y;
				ENABLE_PREVIEWS = YES;
				GENERATE_INFOPLIST_FILE = YES;
				INFOPLIST_FILE = AudioKitBackgroundAudioPlayBackBug/Info.plist;
				INFOPLIST_KEY_UIApplicationSceneManifest_Generation = YES;
				INFOPLIST_KEY_UIApplicationSupportsIndirectInputEvents = YES;
				INFOPLIST_KEY_UILaunchScreen_Generation = YES;
				INFOPLIST_KEY_UISupportedInterfaceOrientations_iPad = "UIInterfaceOrientationPortrait UIInterfaceOrientationPortraitUpsideDown UIInterfaceOrientationLandscapeLeft UIInterfaceOrientationLandscapeRight";
				INFOPLIST_KEY_UISupportedInterfaceOrientations_iPhone = "UIInterfaceOrientationPortrait UIInterfaceOrientationLandscapeLeft UIInterfaceOrientationLandscapeRight";
				IPHONEOS_DEPLOYMENT_TARGET = 15.0;
				LD_RUNPATH_SEARCH_PATHS = (
					"$(inherited)",
					"@executable_path/Frameworks",
				);
				MARKETING_VERSION = 1.0;
				PRODUCT_BUNDLE_IDENTIFIER = yonkolevel.AudioKitBackgroundAudioPlayBackBug;
				PRODUCT_NAME = "$(TARGET_NAME)";
				SWIFT_EMIT_LOC_STRINGS = YES;
				SWIFT_VERSION = 5.0;
				TARGETED_DEVICE_FAMILY = "1,2";
			};
			name = Debug;
		};
		B5979223293A6E700005B6ED /* Release */ = {
			isa = XCBuildConfiguration;
			buildSettings = {
				ASSETCATALOG_COMPILER_APPICON_NAME = AppIcon;
				ASSETCATALOG_COMPILER_GLOBAL_ACCENT_COLOR_NAME = AccentColor;
				CODE_SIGN_STYLE = Automatic;
				CURRENT_PROJECT_VERSION = 1;
				DEVELOPMENT_ASSET_PATHS = "\"AudioKitBackgroundAudioPlayBackBug/Preview Content\"";
				DEVELOPMENT_TEAM = U9YF7XX37Y;
				ENABLE_PREVIEWS = YES;
				GENERATE_INFOPLIST_FILE = YES;
				INFOPLIST_FILE = AudioKitBackgroundAudioPlayBackBug/Info.plist;
				INFOPLIST_KEY_UIApplicationSceneManifest_Generation = YES;
				INFOPLIST_KEY_UIApplicationSupportsIndirectInputEvents = YES;
				INFOPLIST_KEY_UILaunchScreen_Generation = YES;
				INFOPLIST_KEY_UISupportedInterfaceOrientations_iPad = "UIInterfaceOrientationPortrait UIInterfaceOrientationPortraitUpsideDown UIInterfaceOrientationLandscapeLeft UIInterfaceOrientationLandscapeRight";
				INFOPLIST_KEY_UISupportedInterfaceOrientations_iPhone = "UIInterfaceOrientationPortrait UIInterfaceOrientationLandscapeLeft UIInterfaceOrientationLandscapeRight";
				IPHONEOS_DEPLOYMENT_TARGET = 15.0;
				LD_RUNPATH_SEARCH_PATHS = (
					"$(inherited)",
					"@executable_path/Frameworks",
				);
				MARKETING_VERSION = 1.0;
				PRODUCT_BUNDLE_IDENTIFIER = yonkolevel.AudioKitBackgroundAudioPlayBackBug;
				PRODUCT_NAME = "$(TARGET_NAME)";
				SWIFT_EMIT_LOC_STRINGS = YES;
				SWIFT_VERSION = 5.0;
				TARGETED_DEVICE_FAMILY = "1,2";
			};
			name = Release;
		};
/* End XCBuildConfiguration section */

/* Begin XCConfigurationList section */
		B597920E293A6E6F0005B6ED /* Build configuration list for PBXProject "AudioKitBackgroundAudioPlayBackBug" */ = {
			isa = XCConfigurationList;
			buildConfigurations = (
				B597921F293A6E700005B6ED /* Debug */,
				B5979220293A6E700005B6ED /* Release */,
			);
			defaultConfigurationIsVisible = 0;
			defaultConfigurationName = Release;
		};
		B5979221293A6E700005B6ED /* Build configuration list for PBXNativeTarget "AudioKitBackgroundAudioPlayBackBug" */ = {
			isa = XCConfigurationList;
			buildConfigurations = (
				B5979222293A6E700005B6ED /* Debug */,
				B5979223293A6E700005B6ED /* Release */,
			);
			defaultConfigurationIsVisible = 0;
			defaultConfigurationName = Release;
		};
/* End XCConfigurationList section */

/* Begin XCRemoteSwiftPackageReference section */
		B5979226293A6EE50005B6ED /* XCRemoteSwiftPackageReference "AudioKit" */ = {
			isa = XCRemoteSwiftPackageReference;
			repositoryURL = "https://github.com/AudioKit/AudioKit.git";
			requirement = {
				kind = upToNextMajorVersion;
				minimumVersion = 5.5.3;
			};
		};
		B5979229293A6F060005B6ED /* XCRemoteSwiftPackageReference "AudioKitUI" */ = {
			isa = XCRemoteSwiftPackageReference;
			repositoryURL = "https://github.com/AudioKit/AudioKitUI.git";
			requirement = {
				kind = upToNextMajorVersion;
				minimumVersion = 0.1.5;
			};
		};
		B597922C293A6F2B0005B6ED /* XCRemoteSwiftPackageReference "SoundpipeAudioKit" */ = {
			isa = XCRemoteSwiftPackageReference;
			repositoryURL = "https://github.com/AudioKit/SoundpipeAudioKit.git";
			requirement = {
				kind = upToNextMajorVersion;
				minimumVersion = 5.0.0;
			};
		};
/* End XCRemoteSwiftPackageReference section */

/* Begin XCSwiftPackageProductDependency section */
		B5979227293A6EE50005B6ED /* AudioKit */ = {
			isa = XCSwiftPackageProductDependency;
			package = B5979226293A6EE50005B6ED /* XCRemoteSwiftPackageReference "AudioKit" */;
			productName = AudioKit;
		};
		B597922A293A6F060005B6ED /* AudioKitUI */ = {
			isa = XCSwiftPackageProductDependency;
			package = B5979229293A6F060005B6ED /* XCRemoteSwiftPackageReference "AudioKitUI" */;
			productName = AudioKitUI;
		};
		B597922D293A6F2B0005B6ED /* SoundpipeAudioKit */ = {
			isa = XCSwiftPackageProductDependency;
			package = B597922C293A6F2B0005B6ED /* XCRemoteSwiftPackageReference "SoundpipeAudioKit" */;
			productName = SoundpipeAudioKit;
		};
/* End XCSwiftPackageProductDependency section */
	};
	rootObject = B597920B293A6E6F0005B6ED /* Project object */;
}
